
Microsoft Visual Studio Solution File, Format Version 12.00
# Visual Studio Version 16
VisualStudioVersion = 16.0.29613.14
MinimumVisualStudioVersion = 10.0.40219.1
Project("{9A19103F-16F7-4668-BE54-9A1E7A4F7556}") = "DevApi.Business", "DevIO.Business\DevApi.Business.csproj", "{0F486142-D4A7-4C7E-B1C5-9689771DDEFE}"
EndProject
Project("{9A19103F-16F7-4668-BE54-9A1E7A4F7556}") = "DevApi.Data", "DevIO.Data\DevApi.Data.csproj", "{78A8EF6B-96F7-4EC8-A6C7-84E050B4654F}"
EndProject
Project("{FAE04EC0-301F-11D3-BF4B-00C04F79EFBC}") = "DevApi.Api", "DevApi.Api\DevApi.Api.csproj", "{A4825C93-C185-4FFD-8FC8-4235594662FA}"
EndProject
Global
	GlobalSection(SolutionConfigurationPlatforms) = preSolution
		Debug|Any CPU = Debug|Any CPU
		Release|Any CPU = Release|Any CPU
	EndGlobalSection
	GlobalSection(ProjectConfigurationPlatforms) = postSolution
		{0F486142-D4A7-4C7E-B1C5-9689771DDEFE}.Debug|Any CPU.ActiveCfg = Debug|Any CPU
		{0F486142-D4A7-4C7E-B1C5-9689771DDEFE}.Debug|Any CPU.Build.0 = Debug|Any CPU
		{0F486142-D4A7-4C7E-B1C5-9689771DDEFE}.Release|Any CPU.ActiveCfg = Release|Any CPU
		{0F486142-D4A7-4C7E-B1C5-9689771DDEFE}.Release|Any CPU.Build.0 = Release|Any CPU
		{78A8EF6B-96F7-4EC8-A6C7-84E050B4654F}.Debug|Any CPU.ActiveCfg = Debug|Any CPU
		{78A8EF6B-96F7-4EC8-A6C7-84E050B4654F}.Debug|Any CPU.Build.0 = Debug|Any CPU
		{78A8EF6B-96F7-4EC8-A6C7-84E050B4654F}.Release|Any CPU.ActiveCfg = Release|Any CPU
		{78A8EF6B-96F7-4EC8-A6C7-84E050B4654F}.Release|Any CPU.Build.0 = Release|Any CPU
		{A4825C93-C185-4FFD-8FC8-4235594662FA}.Debug|Any CPU.ActiveCfg = Debug|Any CPU
		{A4825C93-C185-4FFD-8FC8-4235594662FA}.Debug|Any CPU.Build.0 = Debug|Any CPU
		{A4825C93-C185-4FFD-8FC8-4235594662FA}.Release|Any CPU.ActiveCfg = Release|Any CPU
		{A4825C93-C185-4FFD-8FC8-4235594662FA}.Release|Any CPU.Build.0 = Release|Any CPU
	EndGlobalSection
	GlobalSection(SolutionProperties) = preSolution
		HideSolutionNode = FALSE
	EndGlobalSection
	GlobalSection(ExtensibilityGlobals) = postSolution
		SolutionGuid = {4961981E-BC40-4322-8A57-D34AA7040E8E}
	EndGlobalSection
EndGlobal
